// !$*UTF8*$!
{
	archiveVersion = 1;
	classes = {
	};
	objectVersion = 55;
	objects = {

/* Begin PBXBuildFile section */
		A37A0DA52860190800092A87 /* iOS_SwiftUI_ExampleApp.swift in Sources */ = {isa = PBXBuildFile; fileRef = A37A0DA42860190800092A87 /* iOS_SwiftUI_ExampleApp.swift */; };
		A37A0DA72860190800092A87 /* ContentView.swift in Sources */ = {isa = PBXBuildFile; fileRef = A37A0DA62860190800092A87 /* ContentView.swift */; };
		A37A0DA92860190800092A87 /* Assets.xcassets in Resources */ = {isa = PBXBuildFile; fileRef = A37A0DA82860190800092A87 /* Assets.xcassets */; };
		A37A0DAC2860190800092A87 /* Preview Assets.xcassets in Resources */ = {isa = PBXBuildFile; fileRef = A37A0DAB2860190800092A87 /* Preview Assets.xcassets */; };
		A37A0DB42860193600092A87 /* TextExample.swift in Sources */ = {isa = PBXBuildFile; fileRef = A37A0DB32860193600092A87 /* TextExample.swift */; };
		A37A0DB62860196B00092A87 /* ImageExample.swift in Sources */ = {isa = PBXBuildFile; fileRef = A37A0DB52860196B00092A87 /* ImageExample.swift */; };
		A37A0DB8286019A800092A87 /* ListExample.swift in Sources */ = {isa = PBXBuildFile; fileRef = A37A0DB7286019A800092A87 /* ListExample.swift */; };
		A37A0DBA286019CD00092A87 /* TabBarExample.swift in Sources */ = {isa = PBXBuildFile; fileRef = A37A0DB9286019CD00092A87 /* TabBarExample.swift */; };
		A37A0DBC286019EC00092A87 /* ScrollViewExample.swift in Sources */ = {isa = PBXBuildFile; fileRef = A37A0DBB286019EC00092A87 /* ScrollViewExample.swift */; };
		A3C2733E28615005002F7290 /* AlertExample.swift in Sources */ = {isa = PBXBuildFile; fileRef = A3C2733D28615005002F7290 /* AlertExample.swift */; };
/* End PBXBuildFile section */

/* Begin PBXFileReference section */
		A37A0DA12860190800092A87 /* iOS-SwiftUI-Example.app */ = {isa = PBXFileReference; explicitFileType = wrapper.application; includeInIndex = 0; path = "iOS-SwiftUI-Example.app"; sourceTree = BUILT_PRODUCTS_DIR; };
		A37A0DA42860190800092A87 /* iOS_SwiftUI_ExampleApp.swift */ = {isa = PBXFileReference; lastKnownFileType = sourcecode.swift; path = iOS_SwiftUI_ExampleApp.swift; sourceTree = "<group>"; };
		A37A0DA62860190800092A87 /* ContentView.swift */ = {isa = PBXFileReference; lastKnownFileType = sourcecode.swift; path = ContentView.swift; sourceTree = "<group>"; };
		A37A0DA82860190800092A87 /* Assets.xcassets */ = {isa = PBXFileReference; lastKnownFileType = folder.assetcatalog; path = Assets.xcassets; sourceTree = "<group>"; };
		A37A0DAB2860190800092A87 /* Preview Assets.xcassets */ = {isa = PBXFileReference; lastKnownFileType = folder.assetcatalog; path = "Preview Assets.xcassets"; sourceTree = "<group>"; };
		A37A0DB32860193600092A87 /* TextExample.swift */ = {isa = PBXFileReference; lastKnownFileType = sourcecode.swift; path = TextExample.swift; sourceTree = "<group>"; };
		A37A0DB52860196B00092A87 /* ImageExample.swift */ = {isa = PBXFileReference; lastKnownFileType = sourcecode.swift; path = ImageExample.swift; sourceTree = "<group>"; };
		A37A0DB7286019A800092A87 /* ListExample.swift */ = {isa = PBXFileReference; lastKnownFileType = sourcecode.swift; path = ListExample.swift; sourceTree = "<group>"; };
		A37A0DB9286019CD00092A87 /* TabBarExample.swift */ = {isa = PBXFileReference; lastKnownFileType = sourcecode.swift; path = TabBarExample.swift; sourceTree = "<group>"; };
		A37A0DBB286019EC00092A87 /* ScrollViewExample.swift */ = {isa = PBXFileReference; lastKnownFileType = sourcecode.swift; path = ScrollViewExample.swift; sourceTree = "<group>"; };
		A3C2733D28615005002F7290 /* AlertExample.swift */ = {isa = PBXFileReference; lastKnownFileType = sourcecode.swift; path = AlertExample.swift; sourceTree = "<group>"; };
/* End PBXFileReference section */

/* Begin PBXFrameworksBuildPhase section */
		A37A0D9E2860190800092A87 /* Frameworks */ = {
			isa = PBXFrameworksBuildPhase;
			buildActionMask = 2147483647;
			files = (
			);
			runOnlyForDeploymentPostprocessing = 0;
		};
/* End PBXFrameworksBuildPhase section */

/* Begin PBXGroup section */
		A37A0D982860190800092A87 = {
			isa = PBXGroup;
			children = (
				A37A0DA32860190800092A87 /* iOS-SwiftUI-Example */,
				A37A0DA22860190800092A87 /* Products */,
			);
			sourceTree = "<group>";
		};
		A37A0DA22860190800092A87 /* Products */ = {
			isa = PBXGroup;
			children = (
				A37A0DA12860190800092A87 /* iOS-SwiftUI-Example.app */,
			);
			name = Products;
			sourceTree = "<group>";
		};
		A37A0DA32860190800092A87 /* iOS-SwiftUI-Example */ = {
			isa = PBXGroup;
			children = (
				A37A0DB22860192E00092A87 /* Examples */,
				A37A0DA42860190800092A87 /* iOS_SwiftUI_ExampleApp.swift */,
				A37A0DA62860190800092A87 /* ContentView.swift */,
				A37A0DA82860190800092A87 /* Assets.xcassets */,
				A37A0DAA2860190800092A87 /* Preview Content */,
			);
			path = "iOS-SwiftUI-Example";
			sourceTree = "<group>";
		};
		A37A0DAA2860190800092A87 /* Preview Content */ = {
			isa = PBXGroup;
			children = (
				A37A0DAB2860190800092A87 /* Preview Assets.xcassets */,
			);
			path = "Preview Content";
			sourceTree = "<group>";
		};
		A37A0DB22860192E00092A87 /* Examples */ = {
			isa = PBXGroup;
			children = (
				A37A0DB32860193600092A87 /* TextExample.swift */,
				A37A0DB52860196B00092A87 /* ImageExample.swift */,
				A37A0DB7286019A800092A87 /* ListExample.swift */,
				A37A0DB9286019CD00092A87 /* TabBarExample.swift */,
				A37A0DBB286019EC00092A87 /* ScrollViewExample.swift */,
				A3C2733D28615005002F7290 /* AlertExample.swift */,
			);
			path = Examples;
			sourceTree = "<group>";
		};
/* End PBXGroup section */

/* Begin PBXNativeTarget section */
		A37A0DA02860190800092A87 /* iOS-SwiftUI-Example */ = {
			isa = PBXNativeTarget;
			buildConfigurationList = A37A0DAF2860190800092A87 /* Build configuration list for PBXNativeTarget "iOS-SwiftUI-Example" */;
			buildPhases = (
				A37A0D9D2860190800092A87 /* Sources */,
				A37A0D9E2860190800092A87 /* Frameworks */,
				A37A0D9F2860190800092A87 /* Resources */,
			);
			buildRules = (
			);
			dependencies = (
			);
			name = "iOS-SwiftUI-Example";
			productName = "iOS-SwiftUI-Example";
			productReference = A37A0DA12860190800092A87 /* iOS-SwiftUI-Example.app */;
			productType = "com.apple.product-type.application";
		};
/* End PBXNativeTarget section */

/* Begin PBXProject section */
		A37A0D992860190800092A87 /* Project object */ = {
			isa = PBXProject;
			attributes = {
				BuildIndependentTargetsInParallel = 1;
				LastSwiftUpdateCheck = 1340;
				LastUpgradeCheck = 1340;
				TargetAttributes = {
					A37A0DA02860190800092A87 = {
						CreatedOnToolsVersion = 13.4.1;
					};
				};
			};
			buildConfigurationList = A37A0D9C2860190800092A87 /* Build configuration list for PBXProject "iOS-SwiftUI-Example" */;
			compatibilityVersion = "Xcode 13.0";
			developmentRegion = en;
			hasScannedForEncodings = 0;
			knownRegions = (
				en,
				Base,
			);
			mainGroup = A37A0D982860190800092A87;
			productRefGroup = A37A0DA22860190800092A87 /* Products */;
			projectDirPath = "";
			projectRoot = "";
			targets = (
				A37A0DA02860190800092A87 /* iOS-SwiftUI-Example */,
			);
		};
/* End PBXProject section */

/* Begin PBXResourcesBuildPhase section */
		A37A0D9F2860190800092A87 /* Resources */ = {
			isa = PBXResourcesBuildPhase;
			buildActionMask = 2147483647;
			files = (
				A37A0DAC2860190800092A87 /* Preview Assets.xcassets in Resources */,
				A37A0DA92860190800092A87 /* Assets.xcassets in Resources */,
			);
			runOnlyForDeploymentPostprocessing = 0;
		};
/* End PBXResourcesBuildPhase section */

/* Begin PBXSourcesBuildPhase section */
		A37A0D9D2860190800092A87 /* Sources */ = {
			isa = PBXSourcesBuildPhase;
			buildActionMask = 2147483647;
			files = (
				A37A0DB62860196B00092A87 /* ImageExample.swift in Sources */,
				A3C2733E28615005002F7290 /* AlertExample.swift in Sources */,
				A37A0DA72860190800092A87 /* ContentView.swift in Sources */,
				A37A0DB42860193600092A87 /* TextExample.swift in Sources */,
				A37A0DA52860190800092A87 /* iOS_SwiftUI_ExampleApp.swift in Sources */,
				A37A0DBC286019EC00092A87 /* ScrollViewExample.swift in Sources */,
				A37A0DBA286019CD00092A87 /* TabBarExample.swift in Sources */,
				A37A0DB8286019A800092A87 /* ListExample.swift in Sources */,
			);
			runOnlyForDeploymentPostprocessing = 0;
		};
/* End PBXSourcesBuildPhase section */

/* Begin XCBuildConfiguration section */
		A37A0DAD2860190800092A87 /* Debug */ = {
			isa = XCBuildConfiguration;
			buildSettings = {
				ALWAYS_SEARCH_USER_PATHS = NO;
				CLANG_ANALYZER_NONNULL = YES;
				CLANG_ANALYZER_NUMBER_OBJECT_CONVERSION = YES_AGGRESSIVE;
				CLANG_CXX_LANGUAGE_STANDARD = "gnu++17";
				CLANG_ENABLE_MODULES = YES;
				CLANG_ENABLE_OBJC_ARC = YES;
				CLANG_ENABLE_OBJC_WEAK = YES;
				CLANG_WARN_BLOCK_CAPTURE_AUTORELEASING = YES;
				CLANG_WARN_BOOL_CONVERSION = YES;
				CLANG_WARN_COMMA = YES;
				CLANG_WARN_CONSTANT_CONVERSION = YES;
				CLANG_WARN_DEPRECATED_OBJC_IMPLEMENTATIONS = YES;
				CLANG_WARN_DIRECT_OBJC_ISA_USAGE = YES_ERROR;
				CLANG_WARN_DOCUMENTATION_COMMENTS = YES;
				CLANG_WARN_EMPTY_BODY = YES;
				CLANG_WARN_ENUM_CONVERSION = YES;
				CLANG_WARN_INFINITE_RECURSION = YES;
				CLANG_WARN_INT_CONVERSION = YES;
				CLANG_WARN_NON_LITERAL_NULL_CONVERSION = YES;
				CLANG_WARN_OBJC_IMPLICIT_RETAIN_SELF = YES;
				CLANG_WARN_OBJC_LITERAL_CONVERSION = YES;
				CLANG_WARN_OBJC_ROOT_CLASS = YES_ERROR;
				CLANG_WARN_QUOTED_INCLUDE_IN_FRAMEWORK_HEADER = YES;
				CLANG_WARN_RANGE_LOOP_ANALYSIS = YES;
				CLANG_WARN_STRICT_PROTOTYPES = YES;
				CLANG_WARN_SUSPICIOUS_MOVE = YES;
				CLANG_WARN_UNGUARDED_AVAILABILITY = YES_AGGRESSIVE;
				CLANG_WARN_UNREACHABLE_CODE = YES;
				CLANG_WARN__DUPLICATE_METHOD_MATCH = YES;
				COPY_PHASE_STRIP = NO;
				DEBUG_INFORMATION_FORMAT = dwarf;
				ENABLE_STRICT_OBJC_MSGSEND = YES;
				ENABLE_TESTABILITY = YES;
				GCC_C_LANGUAGE_STANDARD = gnu11;
				GCC_DYNAMIC_NO_PIC = NO;
				GCC_NO_COMMON_BLOCKS = YES;
				GCC_OPTIMIZATION_LEVEL = 0;
				GCC_PREPROCESSOR_DEFINITIONS = (
					"DEBUG=1",
					"$(inherited)",
				);
				GCC_WARN_64_TO_32_BIT_CONVERSION = YES;
				GCC_WARN_ABOUT_RETURN_TYPE = YES_ERROR;
				GCC_WARN_UNDECLARED_SELECTOR = YES;
				GCC_WARN_UNINITIALIZED_AUTOS = YES_AGGRESSIVE;
				GCC_WARN_UNUSED_FUNCTION = YES;
				GCC_WARN_UNUSED_VARIABLE = YES;
				IPHONEOS_DEPLOYMENT_TARGET = 15.5;
				MTL_ENABLE_DEBUG_INFO = INCLUDE_SOURCE;
				MTL_FAST_MATH = YES;
				ONLY_ACTIVE_ARCH = YES;
				SDKROOT = iphoneos;
				SWIFT_ACTIVE_COMPILATION_CONDITIONS = DEBUG;
				SWIFT_OPTIMIZATION_LEVEL = "-Onone";
			};
			name = Debug;
		};
		A37A0DAE2860190800092A87 /* Release */ = {
			isa = XCBuildConfiguration;
			buildSettings = {
				ALWAYS_SEARCH_USER_PATHS = NO;
				CLANG_ANALYZER_NONNULL = YES;
				CLANG_ANALYZER_NUMBER_OBJECT_CONVERSION = YES_AGGRESSIVE;
				CLANG_CXX_LANGUAGE_STANDARD = "gnu++17";
				CLANG_ENABLE_MODULES = YES;
				CLANG_ENABLE_OBJC_ARC = YES;
				CLANG_ENABLE_OBJC_WEAK = YES;
				CLANG_WARN_BLOCK_CAPTURE_AUTORELEASING = YES;
				CLANG_WARN_BOOL_CONVERSION = YES;
				CLANG_WARN_COMMA = YES;
				CLANG_WARN_CONSTANT_CONVERSION = YES;
				CLANG_WARN_DEPRECATED_OBJC_IMPLEMENTATIONS = YES;
				CLANG_WARN_DIRECT_OBJC_ISA_USAGE = YES_ERROR;
				CLANG_WARN_DOCUMENTATION_COMMENTS = YES;
				CLANG_WARN_EMPTY_BODY = YES;
				CLANG_WARN_ENUM_CONVERSION = YES;
				CLANG_WARN_INFINITE_RECURSION = YES;
				CLANG_WARN_INT_CONVERSION = YES;
				CLANG_WARN_NON_LITERAL_NULL_CONVERSION = YES;
				CLANG_WARN_OBJC_IMPLICIT_RETAIN_SELF = YES;
				CLANG_WARN_OBJC_LITERAL_CONVERSION = YES;
				CLANG_WARN_OBJC_ROOT_CLASS = YES_ERROR;
				CLANG_WARN_QUOTED_INCLUDE_IN_FRAMEWORK_HEADER = YES;
				CLANG_WARN_RANGE_LOOP_ANALYSIS = YES;
				CLANG_WARN_STRICT_PROTOTYPES = YES;
				CLANG_WARN_SUSPICIOUS_MOVE = YES;
				CLANG_WARN_UNGUARDED_AVAILABILITY = YES_AGGRESSIVE;
				CLANG_WARN_UNREACHABLE_CODE = YES;
				CLANG_WARN__DUPLICATE_METHOD_MATCH = YES;
				COPY_PHASE_STRIP = NO;
				DEBUG_INFORMATION_FORMAT = "dwarf-with-dsym";
				ENABLE_NS_ASSERTIONS = NO;
				ENABLE_STRICT_OBJC_MSGSEND = YES;
				GCC_C_LANGUAGE_STANDARD = gnu11;
				GCC_NO_COMMON_BLOCKS = YES;
				GCC_WARN_64_TO_32_BIT_CONVERSION = YES;
				GCC_WARN_ABOUT_RETURN_TYPE = YES_ERROR;
				GCC_WARN_UNDECLARED_SELECTOR = YES;
				GCC_WARN_UNINITIALIZED_AUTOS = YES_AGGRESSIVE;
				GCC_WARN_UNUSED_FUNCTION = YES;
				GCC_WARN_UNUSED_VARIABLE = YES;
				IPHONEOS_DEPLOYMENT_TARGET = 15.5;
				MTL_ENABLE_DEBUG_INFO = NO;
				MTL_FAST_MATH = YES;
				SDKROOT = iphoneos;
				SWIFT_COMPILATION_MODE = wholemodule;
				SWIFT_OPTIMIZATION_LEVEL = "-O";
				VALIDATE_PRODUCT = YES;
			};
			name = Release;
		};
		A37A0DB02860190800092A87 /* Debug */ = {
			isa = XCBuildConfiguration;
			buildSettings = {
				ASSETCATALOG_COMPILER_APPICON_NAME = AppIcon;
				ASSETCATALOG_COMPILER_GLOBAL_ACCENT_COLOR_NAME = AccentColor;
				CODE_SIGN_STYLE = Automatic;
				CURRENT_PROJECT_VERSION = 1;
				DEVELOPMENT_ASSET_PATHS = "\"iOS-SwiftUI-Example/Preview Content\"";
				DEVELOPMENT_TEAM = 9BYHJS9G56;
				ENABLE_PREVIEWS = YES;
				GENERATE_INFOPLIST_FILE = YES;
				INFOPLIST_KEY_UIApplicationSceneManifest_Generation = YES;
				INFOPLIST_KEY_UIApplicationSupportsIndirectInputEvents = YES;
				INFOPLIST_KEY_UILaunchScreen_Generation = YES;
				INFOPLIST_KEY_UISupportedInterfaceOrientations_iPad = "UIInterfaceOrientationPortrait UIInterfaceOrientationPortraitUpsideDown UIInterfaceOrientationLandscapeLeft UIInterfaceOrientationLandscapeRight";
				INFOPLIST_KEY_UISupportedInterfaceOrientations_iPhone = "UIInterfaceOrientationPortrait UIInterfaceOrientationLandscapeLeft UIInterfaceOrientationLandscapeRight";
				LD_RUNPATH_SEARCH_PATHS = (
					"$(inherited)",
					"@executable_path/Frameworks",
				);
				MARKETING_VERSION = 1.0;
				PRODUCT_BUNDLE_IDENTIFIER = "com.mostafa-davoodi.iOS-SwiftUI-Example";
				PRODUCT_NAME = "$(TARGET_NAME)";
				SWIFT_EMIT_LOC_STRINGS = YES;
				SWIFT_VERSION = 5.0;
				TARGETED_DEVICE_FAMILY = "1,2";
			};
			name = Debug;
		};
		A37A0DB12860190800092A87 /* Release */ = {
			isa = XCBuildConfiguration;
			buildSettings = {
				ASSETCATALOG_COMPILER_APPICON_NAME = AppIcon;
				ASSETCATALOG_COMPILER_GLOBAL_ACCENT_COLOR_NAME = AccentColor;
				CODE_SIGN_STYLE = Automatic;
				CURRENT_PROJECT_VERSION = 1;
				DEVELOPMENT_ASSET_PATHS = "\"iOS-SwiftUI-Example/Preview Content\"";
				DEVELOPMENT_TEAM = 9BYHJS9G56;
				ENABLE_PREVIEWS = YES;
				GENERATE_INFOPLIST_FILE = YES;
				INFOPLIST_KEY_UIApplicationSceneManifest_Generation = YES;
				INFOPLIST_KEY_UIApplicationSupportsIndirectInputEvents = YES;
				INFOPLIST_KEY_UILaunchScreen_Generation = YES;
				INFOPLIST_KEY_UISupportedInterfaceOrientations_iPad = "UIInterfaceOrientationPortrait UIInterfaceOrientationPortraitUpsideDown UIInterfaceOrientationLandscapeLeft UIInterfaceOrientationLandscapeRight";
				INFOPLIST_KEY_UISupportedInterfaceOrientations_iPhone = "UIInterfaceOrientationPortrait UIInterfaceOrientationLandscapeLeft UIInterfaceOrientationLandscapeRight";
				LD_RUNPATH_SEARCH_PATHS = (
					"$(inherited)",
					"@executable_path/Frameworks",
				);
				MARKETING_VERSION = 1.0;
				PRODUCT_BUNDLE_IDENTIFIER = "com.mostafa-davoodi.iOS-SwiftUI-Example";
				PRODUCT_NAME = "$(TARGET_NAME)";
				SWIFT_EMIT_LOC_STRINGS = YES;
				SWIFT_VERSION = 5.0;
				TARGETED_DEVICE_FAMILY = "1,2";
			};
			name = Release;
		};
/* End XCBuildConfiguration section */

/* Begin XCConfigurationList section */
		A37A0D9C2860190800092A87 /* Build configuration list for PBXProject "iOS-SwiftUI-Example" */ = {
			isa = XCConfigurationList;
			buildConfigurations = (
				A37A0DAD2860190800092A87 /* Debug */,
				A37A0DAE2860190800092A87 /* Release */,
			);
			defaultConfigurationIsVisible = 0;
			defaultConfigurationName = Release;
		};
		A37A0DAF2860190800092A87 /* Build configuration list for PBXNativeTarget "iOS-SwiftUI-Example" */ = {
			isa = XCConfigurationList;
			buildConfigurations = (
				A37A0DB02860190800092A87 /* Debug */,
				A37A0DB12860190800092A87 /* Release */,
			);
			defaultConfigurationIsVisible = 0;
			defaultConfigurationName = Release;
		};
/* End XCConfigurationList section */
	};
	rootObject = A37A0D992860190800092A87 /* Project object */;
}
